
Microsoft Visual Studio Solution File, Format Version 12.00
# Visual Studio Version 16
VisualStudioVersion = 16.0.810.8
MinimumVisualStudioVersion = 10.0.40219.1
Project("{FAE04EC0-301F-11D3-BF4B-00C04F79EFBC}") = "Uebung55_KundeMitAdressen_pbbgh20aba", "Uebung55_KundeMitAdressen_pbbgh20aba\Uebung55_KundeMitAdressen_pbbgh20aba.csproj", "{A26D8105-8232-47F7-82AA-D1E4964A7190}"
EndProject
Global
	GlobalSection(SolutionConfigurationPlatforms) = preSolution
		Debug|anycpu = Debug|anycpu
		Release|anycpu = Release|anycpu
	EndGlobalSection
	GlobalSection(ProjectConfigurationPlatforms) = postSolution
		{A26D8105-8232-47F7-82AA-D1E4964A7190}.Debug|anycpu.ActiveCfg = Debug|anycpu
		{A26D8105-8232-47F7-82AA-D1E4964A7190}.Debug|anycpu.Build.0 = Debug|anycpu
		{A26D8105-8232-47F7-82AA-D1E4964A7190}.Release|anycpu.ActiveCfg = Release|anycpu
		{A26D8105-8232-47F7-82AA-D1E4964A7190}.Release|anycpu.Build.0 = Release|anycpu
	EndGlobalSection
	GlobalSection(SolutionProperties) = preSolution
		HideSolutionNode = FALSE
	EndGlobalSection
	GlobalSection(ExtensibilityGlobals) = postSolution
		SolutionGuid = {434D17F1-CAE1-4357-B3ED-FB7ACFCB5A95}
	EndGlobalSection
EndGlobal
